
Microsoft Visual Studio Solution File, Format Version 12.00
# Visual Studio Version 17
VisualStudioVersion = 17.7.34031.279
MinimumVisualStudioVersion = 10.0.40219.1
Project("{FAE04EC0-301F-11D3-BF4B-00C04F79EFBC}") = "CafeMgmt", "CafeMgmt\CafeMgmt.csproj", "{DC797486-3B85-42F9-9115-12010209BCAE}"
EndProject
Global
	GlobalSection(SolutionConfigurationPlatforms) = preSolution
		Debug|Any CPU = Debug|Any CPU
		Release|Any CPU = Release|Any CPU
	EndGlobalSection
	GlobalSection(ProjectConfigurationPlatforms) = postSolution
		{DC797486-3B85-42F9-9115-12010209BCAE}.Debug|Any CPU.ActiveCfg = Debug|Any CPU
		{DC797486-3B85-42F9-9115-12010209BCAE}.Debug|Any CPU.Build.0 = Debug|Any CPU
		{DC797486-3B85-42F9-9115-12010209BCAE}.Release|Any CPU.ActiveCfg = Release|Any CPU
		{DC797486-3B85-42F9-9115-12010209BCAE}.Release|Any CPU.Build.0 = Release|Any CPU
	EndGlobalSection
	GlobalSection(SolutionProperties) = preSolution
		HideSolutionNode = FALSE
	EndGlobalSection
	GlobalSection(ExtensibilityGlobals) = postSolution
		SolutionGuid = {31ADA8BE-DFF7-4CC7-B46A-9AD06FADDCC5}
	EndGlobalSection
EndGlobal
